
Microsoft Visual Studio Solution File, Format Version 12.00
# Visual Studio Version 17
VisualStudioVersion = 17.5.2.0
MinimumVisualStudioVersion = 10.0.40219.1
Project("{FAE04EC0-301F-11D3-BF4B-00C04F79EFBC}") = "AiDependencyMigrator", "AiDependencyMigrator\AiDependencyMigrator.csproj", "{CAEBFCC0-A8FA-E075-CC36-F5884B3EF138}"
EndProject
Project("{FAE04EC0-301F-11D3-BF4B-00C04F79EFBC}") = "FileSystemMcpServer", "FileSystemMcpServer\FileSystemMcpServer.csproj", "{BE1C5377-96EE-4424-856D-DD24975E8D00}"
EndProject
Project("{FAE04EC0-301F-11D3-BF4B-00C04F79EFBC}") = "FileSystemMcpServer.Tests", "FileSystemMcpServer.Tests\FileSystemMcpServer.Tests.csproj", "{FAD7E138-4EE8-48D9-AF73-165B2F4C1933}"
EndProject
Global
	GlobalSection(SolutionConfigurationPlatforms) = preSolution
		Debug|Any CPU = Debug|Any CPU
		Debug|x64 = Debug|x64
		Debug|x86 = Debug|x86
		Release|Any CPU = Release|Any CPU
		Release|x64 = Release|x64
		Release|x86 = Release|x86
	EndGlobalSection
	GlobalSection(ProjectConfigurationPlatforms) = postSolution
		{CAEBFCC0-A8FA-E075-CC36-F5884B3EF138}.Debug|Any CPU.ActiveCfg = Debug|Any CPU
		{CAEBFCC0-A8FA-E075-CC36-F5884B3EF138}.Debug|Any CPU.Build.0 = Debug|Any CPU
		{CAEBFCC0-A8FA-E075-CC36-F5884B3EF138}.Debug|x64.ActiveCfg = Debug|Any CPU
		{CAEBFCC0-A8FA-E075-CC36-F5884B3EF138}.Debug|x64.Build.0 = Debug|Any CPU
		{CAEBFCC0-A8FA-E075-CC36-F5884B3EF138}.Debug|x86.ActiveCfg = Debug|Any CPU
		{CAEBFCC0-A8FA-E075-CC36-F5884B3EF138}.Debug|x86.Build.0 = Debug|Any CPU
		{CAEBFCC0-A8FA-E075-CC36-F5884B3EF138}.Release|Any CPU.ActiveCfg = Release|Any CPU
		{CAEBFCC0-A8FA-E075-CC36-F5884B3EF138}.Release|Any CPU.Build.0 = Release|Any CPU
		{CAEBFCC0-A8FA-E075-CC36-F5884B3EF138}.Release|x64.ActiveCfg = Release|Any CPU
		{CAEBFCC0-A8FA-E075-CC36-F5884B3EF138}.Release|x64.Build.0 = Release|Any CPU
		{CAEBFCC0-A8FA-E075-CC36-F5884B3EF138}.Release|x86.ActiveCfg = Release|Any CPU
		{CAEBFCC0-A8FA-E075-CC36-F5884B3EF138}.Release|x86.Build.0 = Release|Any CPU
		{BE1C5377-96EE-4424-856D-DD24975E8D00}.Debug|Any CPU.ActiveCfg = Debug|Any CPU
		{BE1C5377-96EE-4424-856D-DD24975E8D00}.Debug|Any CPU.Build.0 = Debug|Any CPU
		{BE1C5377-96EE-4424-856D-DD24975E8D00}.Debug|x64.ActiveCfg = Debug|Any CPU
		{BE1C5377-96EE-4424-856D-DD24975E8D00}.Debug|x64.Build.0 = Debug|Any CPU
		{BE1C5377-96EE-4424-856D-DD24975E8D00}.Debug|x86.ActiveCfg = Debug|Any CPU
		{BE1C5377-96EE-4424-856D-DD24975E8D00}.Debug|x86.Build.0 = Debug|Any CPU
		{BE1C5377-96EE-4424-856D-DD24975E8D00}.Release|Any CPU.ActiveCfg = Release|Any CPU
		{BE1C5377-96EE-4424-856D-DD24975E8D00}.Release|Any CPU.Build.0 = Release|Any CPU
		{BE1C5377-96EE-4424-856D-DD24975E8D00}.Release|x64.ActiveCfg = Release|Any CPU
		{BE1C5377-96EE-4424-856D-DD24975E8D00}.Release|x86.ActiveCfg = Release|Any CPU
		{BE1C5377-96EE-4424-856D-DD24975E8D00}.Release|x86.Build.0 = Release|Any CPU
		{FAD7E138-4EE8-48D9-AF73-165B2F4C1933}.Debug|Any CPU.ActiveCfg = Debug|Any CPU
		{FAD7E138-4EE8-48D9-AF73-165B2F4C1933}.Debug|Any CPU.Build.0 = Debug|Any CPU
		{FAD7E138-4EE8-48D9-AF73-165B2F4C1933}.Debug|x64.ActiveCfg = Debug|Any CPU
		{FAD7E138-4EE8-48D9-AF73-165B2F4C1933}.Debug|x64.Build.0 = Debug|Any CPU
		{FAD7E138-4EE8-48D9-AF73-165B2F4C1933}.Debug|x86.ActiveCfg = Debug|Any CPU
		{FAD7E138-4EE8-48D9-AF73-165B2F4C1933}.Debug|x86.Build.0 = Debug|Any CPU
		{FAD7E138-4EE8-48D9-AF73-165B2F4C1933}.Release|Any CPU.ActiveCfg = Release|Any CPU
		{FAD7E138-4EE8-48D9-AF73-165B2F4C1933}.Release|Any CPU.Build.0 = Release|Any CPU
		{FAD7E138-4EE8-48D9-AF73-165B2F4C1933}.Release|x64.ActiveCfg = Release|Any CPU
		{FAD7E138-4EE8-48D9-AF73-165B2F4C1933}.Release|x64.Build.0 = Release|Any CPU
		{FAD7E138-4EE8-48D9-AF73-165B2F4C1933}.Release|x86.ActiveCfg = Release|Any CPU
		{FAD7E138-4EE8-48D9-AF73-165B2F4C1933}.Release|x86.Build.0 = Release|Any CPU
	EndGlobalSection
	GlobalSection(SolutionProperties) = preSolution
		HideSolutionNode = FALSE
	EndGlobalSection
	GlobalSection(ExtensibilityGlobals) = postSolution
		SolutionGuid = {FE1A2858-2316-4C3B-AFD1-FBCE4387F778}
	EndGlobalSection
EndGlobal
