Microsoft Visual Studio Solution File, Format Version 12.00
# Visual Studio Version 17
VisualStudioVersion = 17.5.2.0
MinimumVisualStudioVersion = 10.0.40219.1
Project("{FAE04EC0-301F-11D3-BF4B-00C04F79EFBC}") = "AiDependencyMigrator", "AiDependencyMigrator\AiDependencyMigrator.csproj", "{CAEBFCC0-A8FA-E075-CC36-F5884B3EF138}"
EndProject
Global
	GlobalSection(SolutionConfigurationPlatforms) = preSolution
		Debug|Any CPU = Debug|Any CPU
		Release|Any CPU = Release|Any CPU
	EndGlobalSection
	GlobalSection(ProjectConfigurationPlatforms) = postSolution
		{CAEBFCC0-A8FA-E075-CC36-F5884B3EF138}.Debug|Any CPU.ActiveCfg = Debug|Any CPU
		{CAEBFCC0-A8FA-E075-CC36-F5884B3EF138}.Debug|Any CPU.Build.0 = Debug|Any CPU
		{CAEBFCC0-A8FA-E075-CC36-F5884B3EF138}.Release|Any CPU.ActiveCfg = Release|Any CPU
		{CAEBFCC0-A8FA-E075-CC36-F5884B3EF138}.Release|Any CPU.Build.0 = Release|Any CPU
	EndGlobalSection
	GlobalSection(SolutionProperties) = preSolution
		HideSolutionNode = FALSE
	EndGlobalSection
	GlobalSection(ExtensibilityGlobals) = postSolution
		SolutionGuid = {FE1A2858-2316-4C3B-AFD1-FBCE4387F778}
	EndGlobalSection
EndGlobal
